
Microsoft Visual Studio Solution File, Format Version 12.00
# Blend for Visual Studio Version 17
VisualStudioVersion = 17.8.34330.188
MinimumVisualStudioVersion = 10.0.40219.1
Project("{9A19103F-16F7-4668-BE54-9A1E7A4F7556}") = "Star Citizen Master Mapper", "Star Shitizen Master Mapping\Star Citizen Master Mapper.csproj", "{3FD4BA79-39B1-4E0A-8858-351AEF0A1EB5}"
	ProjectSection(ProjectDependencies) = postProject
		{A1EFA797-BC60-46E1-A209-B6EF0EDD7E23} = {A1EFA797-BC60-46E1-A209-B6EF0EDD7E23}
	EndProjectSection
EndProject
Project("{9A19103F-16F7-4668-BE54-9A1E7A4F7556}") = "GLGraphs.Wpf", "..\GLGraph\src\GLGraphs.Wpf\GLGraphs.Wpf.csproj", "{6D27ED4D-1727-4FF5-97A4-DD269717C730}"
EndProject
Project("{9A19103F-16F7-4668-BE54-9A1E7A4F7556}") = "GLGraphs", "..\GLGraph\src\GLGraphs\GLGraphs.csproj", "{3F11BAE5-1C04-44ED-AD1E-85ACD9C20974}"
EndProject
Project("{9A19103F-16F7-4668-BE54-9A1E7A4F7556}") = "SCBXML2CS", "SCBXML2TXT\SCBXML2CS.csproj", "{A1EFA797-BC60-46E1-A209-B6EF0EDD7E23}"
EndProject
Global
	GlobalSection(SolutionConfigurationPlatforms) = preSolution
		Debug|Any CPU = Debug|Any CPU
		Release|Any CPU = Release|Any CPU
	EndGlobalSection
	GlobalSection(ProjectConfigurationPlatforms) = postSolution
		{3FD4BA79-39B1-4E0A-8858-351AEF0A1EB5}.Debug|Any CPU.ActiveCfg = Debug|Any CPU
		{3FD4BA79-39B1-4E0A-8858-351AEF0A1EB5}.Debug|Any CPU.Build.0 = Debug|Any CPU
		{3FD4BA79-39B1-4E0A-8858-351AEF0A1EB5}.Release|Any CPU.ActiveCfg = Release|Any CPU
		{3FD4BA79-39B1-4E0A-8858-351AEF0A1EB5}.Release|Any CPU.Build.0 = Release|Any CPU
		{6D27ED4D-1727-4FF5-97A4-DD269717C730}.Debug|Any CPU.ActiveCfg = Debug|Any CPU
		{6D27ED4D-1727-4FF5-97A4-DD269717C730}.Debug|Any CPU.Build.0 = Debug|Any CPU
		{6D27ED4D-1727-4FF5-97A4-DD269717C730}.Release|Any CPU.ActiveCfg = Release|Any CPU
		{6D27ED4D-1727-4FF5-97A4-DD269717C730}.Release|Any CPU.Build.0 = Release|Any CPU
		{3F11BAE5-1C04-44ED-AD1E-85ACD9C20974}.Debug|Any CPU.ActiveCfg = Debug|Any CPU
		{3F11BAE5-1C04-44ED-AD1E-85ACD9C20974}.Debug|Any CPU.Build.0 = Debug|Any CPU
		{3F11BAE5-1C04-44ED-AD1E-85ACD9C20974}.Release|Any CPU.ActiveCfg = Release|Any CPU
		{3F11BAE5-1C04-44ED-AD1E-85ACD9C20974}.Release|Any CPU.Build.0 = Release|Any CPU
		{A1EFA797-BC60-46E1-A209-B6EF0EDD7E23}.Debug|Any CPU.ActiveCfg = Debug|Any CPU
		{A1EFA797-BC60-46E1-A209-B6EF0EDD7E23}.Debug|Any CPU.Build.0 = Debug|Any CPU
		{A1EFA797-BC60-46E1-A209-B6EF0EDD7E23}.Release|Any CPU.ActiveCfg = Release|Any CPU
		{A1EFA797-BC60-46E1-A209-B6EF0EDD7E23}.Release|Any CPU.Build.0 = Release|Any CPU
	EndGlobalSection
	GlobalSection(SolutionProperties) = preSolution
		HideSolutionNode = FALSE
	EndGlobalSection
	GlobalSection(ExtensibilityGlobals) = postSolution
		SolutionGuid = {A9CBC242-5CC4-4AC5-B712-A33FB1E0E51A}
	EndGlobalSection
EndGlobal
